
Microsoft Visual Studio Solution File, Format Version 12.00
# Visual Studio Version 17
VisualStudioVersion = 17.14.36511.14 d17.14
MinimumVisualStudioVersion = 10.0.40219.1
Project("{FAE04EC0-301F-11D3-BF4B-00C04F79EFBC}") = "m17c-ex01", "m17c-ex01\m17c-ex01.csproj", "{27524567-5DFE-4239-8849-66B70D8CDE33}"
EndProject
Global
	GlobalSection(SolutionConfigurationPlatforms) = preSolution
		Debug|Any CPU = Debug|Any CPU
		Release|Any CPU = Release|Any CPU
	EndGlobalSection
	GlobalSection(ProjectConfigurationPlatforms) = postSolution
		{27524567-5DFE-4239-8849-66B70D8CDE33}.Debug|Any CPU.ActiveCfg = Debug|Any CPU
		{27524567-5DFE-4239-8849-66B70D8CDE33}.Debug|Any CPU.Build.0 = Debug|Any CPU
		{27524567-5DFE-4239-8849-66B70D8CDE33}.Release|Any CPU.ActiveCfg = Release|Any CPU
		{27524567-5DFE-4239-8849-66B70D8CDE33}.Release|Any CPU.Build.0 = Release|Any CPU
	EndGlobalSection
	GlobalSection(SolutionProperties) = preSolution
		HideSolutionNode = FALSE
	EndGlobalSection
	GlobalSection(ExtensibilityGlobals) = postSolution
		SolutionGuid = {86EC3B44-71CD-4283-911D-5C96D012C170}
	EndGlobalSection
EndGlobal
